{
  "object": {
    "pins": [
      {
        "package": "InvystaCore",
        "repositoryURL": "https://github.com/Invysta/InvystaCore.git",
        "state": {
          "branch": null,
          "revision": "fcd86d9fa076c64f5de3335460670738f7335b45",
          "version": "1.0.0"
        }
      }
    ]
  },
  "version": 1
}
