{
  "object": {
    "pins": [
      {
        "package": "Invysta-Framework",
        "repositoryURL": "https://github.com/cgarcia090/Invysta-Framework.git",
        "state": {
          "branch": null,
          "revision": "c0bacc535d22c7185cee0e1a065020ca66739501",
          "version": "0.2.9"
        }
      }
    ]
  },
  "version": 1
}
