{
  "object": {
    "pins": [
      {
        "package": "InvystaCore",
        "repositoryURL": "https://github.com/Invysta/InvystaCore.git",
        "state": {
          "branch": null,
          "revision": "48c6629ce2adaabb729d01df1715097ffdad64eb",
          "version": "1.0.2"
        }
      }
    ]
  },
  "version": 1
}
