// !$*UTF8*$!
{
	archiveVersion = 1;
	classes = {
	};
	objectVersion = 47;
	objects = {

/* Begin PBXBuildFile section */
		010553F12569FDF600BA2913 /* BaseViewController.swift in Sources */ = {isa = PBXBuildFile; fileRef = 010553F02569FDF600BA2913 /* BaseViewController.swift */; };
		011AC40725563AD30044980C /* IOPlatformExpertDeviceIdentifier.swift in Sources */ = {isa = PBXBuildFile; fileRef = 011AC40625563AD30044980C /* IOPlatformExpertDeviceIdentifier.swift */; };
		01674F5625B38FFD002B9724 /* Invysta.storyboard in Resources */ = {isa = PBXBuildFile; fileRef = 01674F5325B38E86002B9724 /* Invysta.storyboard */; };
		01835528256877CD00F1D868 /* FeatureFlags.swift in Sources */ = {isa = PBXBuildFile; fileRef = 01835527256877CD00F1D868 /* FeatureFlags.swift */; };
		0183552B256877FB00F1D868 /* FeatureFlag+BrowserData.swift in Sources */ = {isa = PBXBuildFile; fileRef = 0183552A256877FB00F1D868 /* FeatureFlag+BrowserData.swift */; };
		0183552E2568791D00F1D868 /* CustomIdentifier.swift in Sources */ = {isa = PBXBuildFile; fileRef = 0183552D2568791D00F1D868 /* CustomIdentifier.swift */; };
		018355312568794300F1D868 /* FirstTimeInstallationIdentifier.swift in Sources */ = {isa = PBXBuildFile; fileRef = 018355302568794300F1D868 /* FirstTimeInstallationIdentifier.swift */; };
		018355352568797300F1D868 /* DeviceModelIdentifier.swift in Sources */ = {isa = PBXBuildFile; fileRef = 018355342568797300F1D868 /* DeviceModelIdentifier.swift */; };
		0183553925687BD000F1D868 /* MacSerialNumberIdentifier.swift in Sources */ = {isa = PBXBuildFile; fileRef = 0183553825687BD000F1D868 /* MacSerialNumberIdentifier.swift */; };
		0183553E25687E1200F1D868 /* AccessibilityIdentifier.swift in Sources */ = {isa = PBXBuildFile; fileRef = 0183553D25687E1200F1D868 /* AccessibilityIdentifier.swift */; };
		018355412568821200F1D868 /* HostIdentifier.swift in Sources */ = {isa = PBXBuildFile; fileRef = 018355402568821200F1D868 /* HostIdentifier.swift */; };
		01835555256896E300F1D868 /* Invystas_macOSTests.swift in Sources */ = {isa = PBXBuildFile; fileRef = 01835554256896E300F1D868 /* Invystas_macOSTests.swift */; };
		01ABBF57257AC4EE0045B5D7 /* Preferences.storyboard in Resources */ = {isa = PBXBuildFile; fileRef = 01ABBF54257AC06C0045B5D7 /* Preferences.storyboard */; };
		01ABBF5F257ACCF00045B5D7 /* PreferencesController.swift in Sources */ = {isa = PBXBuildFile; fileRef = 01ABBF5E257ACCEE0045B5D7 /* PreferencesController.swift */; };
		01B564C6256867C700D77C0C /* Main.storyboard in Resources */ = {isa = PBXBuildFile; fileRef = 01B564C5256867C700D77C0C /* Main.storyboard */; };
		01C2F0712550942300F70488 /* AppDelegate.swift in Sources */ = {isa = PBXBuildFile; fileRef = 01C2F0702550942300F70488 /* AppDelegate.swift */; };
		01C2F0732550942300F70488 /* ViewController.swift in Sources */ = {isa = PBXBuildFile; fileRef = 01C2F0722550942300F70488 /* ViewController.swift */; };
		01C2F0752550942400F70488 /* Assets.xcassets in Resources */ = {isa = PBXBuildFile; fileRef = 01C2F0742550942400F70488 /* Assets.xcassets */; };
		01D4DFA22550952B004B2F51 /* NetworkManager.swift in Sources */ = {isa = PBXBuildFile; fileRef = 01D4DFA12550952B004B2F51 /* NetworkManager.swift */; };
		01D4DFA525509548004B2F51 /* RequestURL.swift in Sources */ = {isa = PBXBuildFile; fileRef = 01D4DFA425509548004B2F51 /* RequestURL.swift */; };
		01D4DFA82550955F004B2F51 /* IdentifierManager.swift in Sources */ = {isa = PBXBuildFile; fileRef = 01D4DFA72550955F004B2F51 /* IdentifierManager.swift */; };
		01D4DFAB2550956D004B2F51 /* BrowserData.swift in Sources */ = {isa = PBXBuildFile; fileRef = 01D4DFAA2550956D004B2F51 /* BrowserData.swift */; };
/* End PBXBuildFile section */

/* Begin PBXContainerItemProxy section */
		01835557256896E300F1D868 /* PBXContainerItemProxy */ = {
			isa = PBXContainerItemProxy;
			containerPortal = 01C2F0652550942300F70488 /* Project object */;
			proxyType = 1;
			remoteGlobalIDString = 01C2F06C2550942300F70488;
			remoteInfo = "Invystas-macOS";
		};
/* End PBXContainerItemProxy section */

/* Begin PBXFileReference section */
		010553F02569FDF600BA2913 /* BaseViewController.swift */ = {isa = PBXFileReference; lastKnownFileType = sourcecode.swift; path = BaseViewController.swift; sourceTree = "<group>"; };
		011AC40625563AD30044980C /* IOPlatformExpertDeviceIdentifier.swift */ = {isa = PBXFileReference; lastKnownFileType = sourcecode.swift; path = IOPlatformExpertDeviceIdentifier.swift; sourceTree = "<group>"; };
		01674F5325B38E86002B9724 /* Invysta.storyboard */ = {isa = PBXFileReference; lastKnownFileType = file.storyboard; path = Invysta.storyboard; sourceTree = "<group>"; };
		01835527256877CD00F1D868 /* FeatureFlags.swift */ = {isa = PBXFileReference; lastKnownFileType = sourcecode.swift; path = FeatureFlags.swift; sourceTree = "<group>"; };
		0183552A256877FB00F1D868 /* FeatureFlag+BrowserData.swift */ = {isa = PBXFileReference; lastKnownFileType = sourcecode.swift; path = "FeatureFlag+BrowserData.swift"; sourceTree = "<group>"; };
		0183552D2568791D00F1D868 /* CustomIdentifier.swift */ = {isa = PBXFileReference; lastKnownFileType = sourcecode.swift; path = CustomIdentifier.swift; sourceTree = "<group>"; };
		018355302568794300F1D868 /* FirstTimeInstallationIdentifier.swift */ = {isa = PBXFileReference; lastKnownFileType = sourcecode.swift; path = FirstTimeInstallationIdentifier.swift; sourceTree = "<group>"; };
		018355342568797300F1D868 /* DeviceModelIdentifier.swift */ = {isa = PBXFileReference; lastKnownFileType = sourcecode.swift; path = DeviceModelIdentifier.swift; sourceTree = "<group>"; };
		0183553825687BD000F1D868 /* MacSerialNumberIdentifier.swift */ = {isa = PBXFileReference; lastKnownFileType = sourcecode.swift; path = MacSerialNumberIdentifier.swift; sourceTree = "<group>"; };
		0183553D25687E1200F1D868 /* AccessibilityIdentifier.swift */ = {isa = PBXFileReference; lastKnownFileType = sourcecode.swift; path = AccessibilityIdentifier.swift; sourceTree = "<group>"; };
		018355402568821200F1D868 /* HostIdentifier.swift */ = {isa = PBXFileReference; lastKnownFileType = sourcecode.swift; path = HostIdentifier.swift; sourceTree = "<group>"; };
		01835552256896E300F1D868 /* Invystas-macOSTests.xctest */ = {isa = PBXFileReference; explicitFileType = wrapper.cfbundle; includeInIndex = 0; path = "Invystas-macOSTests.xctest"; sourceTree = BUILT_PRODUCTS_DIR; };
		01835554256896E300F1D868 /* Invystas_macOSTests.swift */ = {isa = PBXFileReference; lastKnownFileType = sourcecode.swift; path = Invystas_macOSTests.swift; sourceTree = "<group>"; };
		01835556256896E300F1D868 /* Info.plist */ = {isa = PBXFileReference; lastKnownFileType = text.plist.xml; path = Info.plist; sourceTree = "<group>"; };
		01ABBF54257AC06C0045B5D7 /* Preferences.storyboard */ = {isa = PBXFileReference; lastKnownFileType = file.storyboard; path = Preferences.storyboard; sourceTree = "<group>"; };
		01ABBF5E257ACCEE0045B5D7 /* PreferencesController.swift */ = {isa = PBXFileReference; lastKnownFileType = sourcecode.swift; path = PreferencesController.swift; sourceTree = "<group>"; };
		01B564C5256867C700D77C0C /* Main.storyboard */ = {isa = PBXFileReference; fileEncoding = 4; lastKnownFileType = file.storyboard; path = Main.storyboard; sourceTree = "<group>"; };
		01C2F06D2550942300F70488 /* Invysta Aware.app */ = {isa = PBXFileReference; explicitFileType = wrapper.application; includeInIndex = 0; path = "Invysta Aware.app"; sourceTree = BUILT_PRODUCTS_DIR; };
		01C2F0702550942300F70488 /* AppDelegate.swift */ = {isa = PBXFileReference; lastKnownFileType = sourcecode.swift; path = AppDelegate.swift; sourceTree = "<group>"; };
		01C2F0722550942300F70488 /* ViewController.swift */ = {isa = PBXFileReference; lastKnownFileType = sourcecode.swift; path = ViewController.swift; sourceTree = "<group>"; };
		01C2F0742550942400F70488 /* Assets.xcassets */ = {isa = PBXFileReference; lastKnownFileType = folder.assetcatalog; path = Assets.xcassets; sourceTree = "<group>"; };
		01C2F0792550942400F70488 /* Info.plist */ = {isa = PBXFileReference; lastKnownFileType = text.plist.xml; path = Info.plist; sourceTree = "<group>"; };
		01C2F07A2550942400F70488 /* Invystas_macOS.entitlements */ = {isa = PBXFileReference; lastKnownFileType = text.plist.entitlements; path = Invystas_macOS.entitlements; sourceTree = "<group>"; };
		01D4DFA12550952B004B2F51 /* NetworkManager.swift */ = {isa = PBXFileReference; lastKnownFileType = sourcecode.swift; path = NetworkManager.swift; sourceTree = "<group>"; };
		01D4DFA425509548004B2F51 /* RequestURL.swift */ = {isa = PBXFileReference; fileEncoding = 4; lastKnownFileType = sourcecode.swift; path = RequestURL.swift; sourceTree = "<group>"; };
		01D4DFA72550955F004B2F51 /* IdentifierManager.swift */ = {isa = PBXFileReference; fileEncoding = 4; lastKnownFileType = sourcecode.swift; path = IdentifierManager.swift; sourceTree = "<group>"; };
		01D4DFAA2550956D004B2F51 /* BrowserData.swift */ = {isa = PBXFileReference; fileEncoding = 4; lastKnownFileType = sourcecode.swift; path = BrowserData.swift; sourceTree = "<group>"; };
/* End PBXFileReference section */

/* Begin PBXFrameworksBuildPhase section */
		0183554F256896E300F1D868 /* Frameworks */ = {
			isa = PBXFrameworksBuildPhase;
			buildActionMask = 2147483647;
			files = (
			);
			runOnlyForDeploymentPostprocessing = 0;
		};
		01C2F06A2550942300F70488 /* Frameworks */ = {
			isa = PBXFrameworksBuildPhase;
			buildActionMask = 2147483647;
			files = (
			);
			runOnlyForDeploymentPostprocessing = 0;
		};
/* End PBXFrameworksBuildPhase section */

/* Begin PBXGroup section */
		018355212568778C00F1D868 /* Model */ = {
			isa = PBXGroup;
			children = (
				01D4DFAA2550956D004B2F51 /* BrowserData.swift */,
				01D4DFA425509548004B2F51 /* RequestURL.swift */,
			);
			path = Model;
			sourceTree = "<group>";
		};
		018355232568779C00F1D868 /* Identifiers */ = {
			isa = PBXGroup;
			children = (
				01835525256877A200F1D868 /* IdentifierManager */,
				0183553D25687E1200F1D868 /* AccessibilityIdentifier.swift */,
				0183552D2568791D00F1D868 /* CustomIdentifier.swift */,
				018355342568797300F1D868 /* DeviceModelIdentifier.swift */,
				018355302568794300F1D868 /* FirstTimeInstallationIdentifier.swift */,
				018355402568821200F1D868 /* HostIdentifier.swift */,
				011AC40625563AD30044980C /* IOPlatformExpertDeviceIdentifier.swift */,
				0183553825687BD000F1D868 /* MacSerialNumberIdentifier.swift */,
			);
			path = Identifiers;
			sourceTree = "<group>";
		};
		01835525256877A200F1D868 /* IdentifierManager */ = {
			isa = PBXGroup;
			children = (
				01D4DFA72550955F004B2F51 /* IdentifierManager.swift */,
			);
			path = IdentifierManager;
			sourceTree = "<group>";
		};
		01835553256896E300F1D868 /* Invystas-macOSTests */ = {
			isa = PBXGroup;
			children = (
				01835554256896E300F1D868 /* Invystas_macOSTests.swift */,
				01835556256896E300F1D868 /* Info.plist */,
			);
			path = "Invystas-macOSTests";
			sourceTree = "<group>";
		};
		01C2F0642550942300F70488 = {
			isa = PBXGroup;
			children = (
				01C2F06F2550942300F70488 /* Invystas-macOS */,
				01835553256896E300F1D868 /* Invystas-macOSTests */,
				01C2F06E2550942300F70488 /* Products */,
			);
			sourceTree = "<group>";
		};
		01C2F06E2550942300F70488 /* Products */ = {
			isa = PBXGroup;
			children = (
				01C2F06D2550942300F70488 /* Invysta Aware.app */,
				01835552256896E300F1D868 /* Invystas-macOSTests.xctest */,
			);
			name = Products;
			sourceTree = "<group>";
		};
		01C2F06F2550942300F70488 /* Invystas-macOS */ = {
			isa = PBXGroup;
			children = (
				01C2F0702550942300F70488 /* AppDelegate.swift */,
				01D4DFA12550952B004B2F51 /* NetworkManager.swift */,
				01C2F0722550942300F70488 /* ViewController.swift */,
				010553F02569FDF600BA2913 /* BaseViewController.swift */,
				01835527256877CD00F1D868 /* FeatureFlags.swift */,
				0183552A256877FB00F1D868 /* FeatureFlag+BrowserData.swift */,
				01ABBF54257AC06C0045B5D7 /* Preferences.storyboard */,
				01674F5325B38E86002B9724 /* Invysta.storyboard */,
				01B564C5256867C700D77C0C /* Main.storyboard */,
				01ABBF5E257ACCEE0045B5D7 /* PreferencesController.swift */,
				018355232568779C00F1D868 /* Identifiers */,
				018355212568778C00F1D868 /* Model */,
				01C2F0742550942400F70488 /* Assets.xcassets */,
				01C2F0792550942400F70488 /* Info.plist */,
				01C2F07A2550942400F70488 /* Invystas_macOS.entitlements */,
			);
			path = "Invystas-macOS";
			sourceTree = "<group>";
		};
/* End PBXGroup section */

/* Begin PBXNativeTarget section */
		01835551256896E300F1D868 /* Invystas-macOSTests */ = {
			isa = PBXNativeTarget;
			buildConfigurationList = 01835559256896E300F1D868 /* Build configuration list for PBXNativeTarget "Invystas-macOSTests" */;
			buildPhases = (
				0183554E256896E300F1D868 /* Sources */,
				0183554F256896E300F1D868 /* Frameworks */,
				01835550256896E300F1D868 /* Resources */,
			);
			buildRules = (
			);
			dependencies = (
				01835558256896E300F1D868 /* PBXTargetDependency */,
			);
			name = "Invystas-macOSTests";
			productName = "Invystas-macOSTests";
			productReference = 01835552256896E300F1D868 /* Invystas-macOSTests.xctest */;
			productType = "com.apple.product-type.bundle.unit-test";
		};
		01C2F06C2550942300F70488 /* Invysta Aware */ = {
			isa = PBXNativeTarget;
			buildConfigurationList = 01C2F07D2550942400F70488 /* Build configuration list for PBXNativeTarget "Invysta Aware" */;
			buildPhases = (
				01C2F0692550942300F70488 /* Sources */,
				01C2F06A2550942300F70488 /* Frameworks */,
				01C2F06B2550942300F70488 /* Resources */,
			);
			buildRules = (
			);
			dependencies = (
			);
			name = "Invysta Aware";
			productName = "Invystas-macOS";
			productReference = 01C2F06D2550942300F70488 /* Invysta Aware.app */;
			productType = "com.apple.product-type.application";
		};
/* End PBXNativeTarget section */

/* Begin PBXProject section */
		01C2F0652550942300F70488 /* Project object */ = {
			isa = PBXProject;
			attributes = {
				LastSwiftUpdateCheck = 1220;
				LastUpgradeCheck = 1220;
				TargetAttributes = {
					01835551256896E300F1D868 = {
						CreatedOnToolsVersion = 12.2;
						DevelopmentTeam = R986STKYJ7;
						ProvisioningStyle = Automatic;
						TestTargetID = 01C2F06C2550942300F70488;
					};
					01C2F06C2550942300F70488 = {
						CreatedOnToolsVersion = 12.1;
						DevelopmentTeam = R986STKYJ7;
						ProvisioningStyle = Automatic;
					};
				};
			};
			buildConfigurationList = 01C2F0682550942300F70488 /* Build configuration list for PBXProject "Invystas-macOS" */;
			compatibilityVersion = "Xcode 6.3";
			developmentRegion = en;
			hasScannedForEncodings = 0;
			knownRegions = (
				en,
				Base,
			);
			mainGroup = 01C2F0642550942300F70488;
			productRefGroup = 01C2F06E2550942300F70488 /* Products */;
			projectDirPath = "";
			projectRoot = "";
			targets = (
				01C2F06C2550942300F70488 /* Invysta Aware */,
				01835551256896E300F1D868 /* Invystas-macOSTests */,
			);
		};
/* End PBXProject section */

/* Begin PBXResourcesBuildPhase section */
		01835550256896E300F1D868 /* Resources */ = {
			isa = PBXResourcesBuildPhase;
			buildActionMask = 2147483647;
			files = (
			);
			runOnlyForDeploymentPostprocessing = 0;
		};
		01C2F06B2550942300F70488 /* Resources */ = {
			isa = PBXResourcesBuildPhase;
			buildActionMask = 2147483647;
			files = (
				01ABBF57257AC4EE0045B5D7 /* Preferences.storyboard in Resources */,
				01C2F0752550942400F70488 /* Assets.xcassets in Resources */,
				01B564C6256867C700D77C0C /* Main.storyboard in Resources */,
				01674F5625B38FFD002B9724 /* Invysta.storyboard in Resources */,
			);
			runOnlyForDeploymentPostprocessing = 0;
		};
/* End PBXResourcesBuildPhase section */

/* Begin PBXSourcesBuildPhase section */
		0183554E256896E300F1D868 /* Sources */ = {
			isa = PBXSourcesBuildPhase;
			buildActionMask = 2147483647;
			files = (
				01835555256896E300F1D868 /* Invystas_macOSTests.swift in Sources */,
			);
			runOnlyForDeploymentPostprocessing = 0;
		};
		01C2F0692550942300F70488 /* Sources */ = {
			isa = PBXSourcesBuildPhase;
			buildActionMask = 2147483647;
			files = (
				01D4DFAB2550956D004B2F51 /* BrowserData.swift in Sources */,
				0183552E2568791D00F1D868 /* CustomIdentifier.swift in Sources */,
				01D4DFA22550952B004B2F51 /* NetworkManager.swift in Sources */,
				01D4DFA82550955F004B2F51 /* IdentifierManager.swift in Sources */,
				01C2F0732550942300F70488 /* ViewController.swift in Sources */,
				01ABBF5F257ACCF00045B5D7 /* PreferencesController.swift in Sources */,
				0183552B256877FB00F1D868 /* FeatureFlag+BrowserData.swift in Sources */,
				01C2F0712550942300F70488 /* AppDelegate.swift in Sources */,
				011AC40725563AD30044980C /* IOPlatformExpertDeviceIdentifier.swift in Sources */,
				01835528256877CD00F1D868 /* FeatureFlags.swift in Sources */,
				0183553E25687E1200F1D868 /* AccessibilityIdentifier.swift in Sources */,
				018355312568794300F1D868 /* FirstTimeInstallationIdentifier.swift in Sources */,
				018355352568797300F1D868 /* DeviceModelIdentifier.swift in Sources */,
				01D4DFA525509548004B2F51 /* RequestURL.swift in Sources */,
				010553F12569FDF600BA2913 /* BaseViewController.swift in Sources */,
				018355412568821200F1D868 /* HostIdentifier.swift in Sources */,
				0183553925687BD000F1D868 /* MacSerialNumberIdentifier.swift in Sources */,
			);
			runOnlyForDeploymentPostprocessing = 0;
		};
/* End PBXSourcesBuildPhase section */

/* Begin PBXTargetDependency section */
		01835558256896E300F1D868 /* PBXTargetDependency */ = {
			isa = PBXTargetDependency;
			target = 01C2F06C2550942300F70488 /* Invysta Aware */;
			targetProxy = 01835557256896E300F1D868 /* PBXContainerItemProxy */;
		};
/* End PBXTargetDependency section */

/* Begin XCBuildConfiguration section */
		0183555A256896E300F1D868 /* Debug */ = {
			isa = XCBuildConfiguration;
			buildSettings = {
				BUNDLE_LOADER = "$(TEST_HOST)";
				CODE_SIGN_STYLE = Automatic;
				COMBINE_HIDPI_IMAGES = YES;
				DEVELOPMENT_TEAM = R986STKYJ7;
				INFOPLIST_FILE = "Invystas-macOSTests/Info.plist";
				LD_RUNPATH_SEARCH_PATHS = "$(inherited) @executable_path/../Frameworks @loader_path/../Frameworks";
				MACOSX_DEPLOYMENT_TARGET = 11.0;
				PRODUCT_BUNDLE_IDENTIFIER = "com.ByCyril.Invystas-macOSTests";
				PRODUCT_NAME = "$(TARGET_NAME)";
				SWIFT_VERSION = 5.0;
				TEST_HOST = "$(BUILT_PRODUCTS_DIR)/Invystas-macOS.app/Contents/MacOS/Invystas-macOS";
			};
			name = Debug;
		};
		0183555B256896E300F1D868 /* Release */ = {
			isa = XCBuildConfiguration;
			buildSettings = {
				BUNDLE_LOADER = "$(TEST_HOST)";
				CODE_SIGN_STYLE = Automatic;
				COMBINE_HIDPI_IMAGES = YES;
				DEVELOPMENT_TEAM = R986STKYJ7;
				INFOPLIST_FILE = "Invystas-macOSTests/Info.plist";
				LD_RUNPATH_SEARCH_PATHS = "$(inherited) @executable_path/../Frameworks @loader_path/../Frameworks";
				MACOSX_DEPLOYMENT_TARGET = 11.0;
				PRODUCT_BUNDLE_IDENTIFIER = "com.ByCyril.Invystas-macOSTests";
				PRODUCT_NAME = "$(TARGET_NAME)";
				SWIFT_VERSION = 5.0;
				TEST_HOST = "$(BUILT_PRODUCTS_DIR)/Invystas-macOS.app/Contents/MacOS/Invystas-macOS";
			};
			name = Release;
		};
		01C2F07B2550942400F70488 /* Debug */ = {
			isa = XCBuildConfiguration;
			buildSettings = {
				ALWAYS_SEARCH_USER_PATHS = NO;
				CLANG_ANALYZER_NONNULL = YES;
				CLANG_ANALYZER_NUMBER_OBJECT_CONVERSION = YES_AGGRESSIVE;
				CLANG_CXX_LANGUAGE_STANDARD = "gnu++14";
				CLANG_CXX_LIBRARY = "libc++";
				CLANG_ENABLE_MODULES = YES;
				CLANG_ENABLE_OBJC_ARC = YES;
				CLANG_ENABLE_OBJC_WEAK = YES;
				CLANG_WARN_BLOCK_CAPTURE_AUTORELEASING = YES;
				CLANG_WARN_BOOL_CONVERSION = YES;
				CLANG_WARN_COMMA = YES;
				CLANG_WARN_CONSTANT_CONVERSION = YES;
				CLANG_WARN_DEPRECATED_OBJC_IMPLEMENTATIONS = YES;
				CLANG_WARN_DIRECT_OBJC_ISA_USAGE = YES_ERROR;
				CLANG_WARN_DOCUMENTATION_COMMENTS = YES;
				CLANG_WARN_EMPTY_BODY = YES;
				CLANG_WARN_ENUM_CONVERSION = YES;
				CLANG_WARN_INFINITE_RECURSION = YES;
				CLANG_WARN_INT_CONVERSION = YES;
				CLANG_WARN_NON_LITERAL_NULL_CONVERSION = YES;
				CLANG_WARN_OBJC_IMPLICIT_RETAIN_SELF = YES;
				CLANG_WARN_OBJC_LITERAL_CONVERSION = YES;
				CLANG_WARN_OBJC_ROOT_CLASS = YES_ERROR;
				CLANG_WARN_QUOTED_INCLUDE_IN_FRAMEWORK_HEADER = YES;
				CLANG_WARN_RANGE_LOOP_ANALYSIS = YES;
				CLANG_WARN_STRICT_PROTOTYPES = YES;
				CLANG_WARN_SUSPICIOUS_MOVE = YES;
				CLANG_WARN_UNGUARDED_AVAILABILITY = YES_AGGRESSIVE;
				CLANG_WARN_UNREACHABLE_CODE = YES;
				CLANG_WARN__DUPLICATE_METHOD_MATCH = YES;
				COPY_PHASE_STRIP = NO;
				DEBUG_INFORMATION_FORMAT = dwarf;
				ENABLE_STRICT_OBJC_MSGSEND = YES;
				ENABLE_TESTABILITY = YES;
				GCC_C_LANGUAGE_STANDARD = gnu11;
				GCC_DYNAMIC_NO_PIC = NO;
				GCC_NO_COMMON_BLOCKS = YES;
				GCC_OPTIMIZATION_LEVEL = 0;
				GCC_PREPROCESSOR_DEFINITIONS = (
					"DEBUG=1",
					"$(inherited)",
				);
				GCC_WARN_64_TO_32_BIT_CONVERSION = YES;
				GCC_WARN_ABOUT_RETURN_TYPE = YES_ERROR;
				GCC_WARN_UNDECLARED_SELECTOR = YES;
				GCC_WARN_UNINITIALIZED_AUTOS = YES_AGGRESSIVE;
				GCC_WARN_UNUSED_FUNCTION = YES;
				GCC_WARN_UNUSED_VARIABLE = YES;
				MACOSX_DEPLOYMENT_TARGET = 10.10;
				MTL_ENABLE_DEBUG_INFO = INCLUDE_SOURCE;
				MTL_FAST_MATH = YES;
				ONLY_ACTIVE_ARCH = YES;
				SDKROOT = macosx;
				SWIFT_ACTIVE_COMPILATION_CONDITIONS = DEBUG;
				SWIFT_OPTIMIZATION_LEVEL = "-Onone";
			};
			name = Debug;
		};
		01C2F07C2550942400F70488 /* Release */ = {
			isa = XCBuildConfiguration;
			buildSettings = {
				ALWAYS_SEARCH_USER_PATHS = NO;
				CLANG_ANALYZER_NONNULL = YES;
				CLANG_ANALYZER_NUMBER_OBJECT_CONVERSION = YES_AGGRESSIVE;
				CLANG_CXX_LANGUAGE_STANDARD = "gnu++14";
				CLANG_CXX_LIBRARY = "libc++";
				CLANG_ENABLE_MODULES = YES;
				CLANG_ENABLE_OBJC_ARC = YES;
				CLANG_ENABLE_OBJC_WEAK = YES;
				CLANG_WARN_BLOCK_CAPTURE_AUTORELEASING = YES;
				CLANG_WARN_BOOL_CONVERSION = YES;
				CLANG_WARN_COMMA = YES;
				CLANG_WARN_CONSTANT_CONVERSION = YES;
				CLANG_WARN_DEPRECATED_OBJC_IMPLEMENTATIONS = YES;
				CLANG_WARN_DIRECT_OBJC_ISA_USAGE = YES_ERROR;
				CLANG_WARN_DOCUMENTATION_COMMENTS = YES;
				CLANG_WARN_EMPTY_BODY = YES;
				CLANG_WARN_ENUM_CONVERSION = YES;
				CLANG_WARN_INFINITE_RECURSION = YES;
				CLANG_WARN_INT_CONVERSION = YES;
				CLANG_WARN_NON_LITERAL_NULL_CONVERSION = YES;
				CLANG_WARN_OBJC_IMPLICIT_RETAIN_SELF = YES;
				CLANG_WARN_OBJC_LITERAL_CONVERSION = YES;
				CLANG_WARN_OBJC_ROOT_CLASS = YES_ERROR;
				CLANG_WARN_QUOTED_INCLUDE_IN_FRAMEWORK_HEADER = YES;
				CLANG_WARN_RANGE_LOOP_ANALYSIS = YES;
				CLANG_WARN_STRICT_PROTOTYPES = YES;
				CLANG_WARN_SUSPICIOUS_MOVE = YES;
				CLANG_WARN_UNGUARDED_AVAILABILITY = YES_AGGRESSIVE;
				CLANG_WARN_UNREACHABLE_CODE = YES;
				CLANG_WARN__DUPLICATE_METHOD_MATCH = YES;
				COPY_PHASE_STRIP = NO;
				DEBUG_INFORMATION_FORMAT = "dwarf-with-dsym";
				ENABLE_NS_ASSERTIONS = NO;
				ENABLE_STRICT_OBJC_MSGSEND = YES;
				GCC_C_LANGUAGE_STANDARD = gnu11;
				GCC_NO_COMMON_BLOCKS = YES;
				GCC_WARN_64_TO_32_BIT_CONVERSION = YES;
				GCC_WARN_ABOUT_RETURN_TYPE = YES_ERROR;
				GCC_WARN_UNDECLARED_SELECTOR = YES;
				GCC_WARN_UNINITIALIZED_AUTOS = YES_AGGRESSIVE;
				GCC_WARN_UNUSED_FUNCTION = YES;
				GCC_WARN_UNUSED_VARIABLE = YES;
				MACOSX_DEPLOYMENT_TARGET = 10.10;
				MTL_ENABLE_DEBUG_INFO = NO;
				MTL_FAST_MATH = YES;
				SDKROOT = macosx;
				SWIFT_OPTIMIZATION_LEVEL = "-Owholemodule";
			};
			name = Release;
		};
		01C2F07E2550942400F70488 /* Debug */ = {
			isa = XCBuildConfiguration;
			buildSettings = {
				ASSETCATALOG_COMPILER_APPICON_NAME = AppIcon;
				ASSETCATALOG_COMPILER_GLOBAL_ACCENT_COLOR_NAME = AccentColor;
				CODE_SIGN_ENTITLEMENTS = "Invystas-macOS/Invystas_macOS.entitlements";
				CODE_SIGN_IDENTITY = "Apple Development";
				CODE_SIGN_STYLE = Automatic;
				COMBINE_HIDPI_IMAGES = YES;
				CURRENT_PROJECT_VERSION = 1;
				DEVELOPMENT_TEAM = R986STKYJ7;
				ENABLE_HARDENED_RUNTIME = YES;
				INFOPLIST_FILE = "Invystas-macOS/Info.plist";
				LD_RUNPATH_SEARCH_PATHS = "$(inherited) @executable_path/../Frameworks";
				MACOSX_DEPLOYMENT_TARGET = 10.10;
				MARKETING_VERSION = 1.0.2;
				PRODUCT_BUNDLE_IDENTIFIER = com.InvystaTechnologyGroup.InvystaAwareI;
				PRODUCT_NAME = "$(TARGET_NAME)";
				SWIFT_VERSION = 5.0;
			};
			name = Debug;
		};
		01C2F07F2550942400F70488 /* Release */ = {
			isa = XCBuildConfiguration;
			buildSettings = {
				ASSETCATALOG_COMPILER_APPICON_NAME = AppIcon;
				ASSETCATALOG_COMPILER_GLOBAL_ACCENT_COLOR_NAME = AccentColor;
				CODE_SIGN_ENTITLEMENTS = "Invystas-macOS/Invystas_macOS.entitlements";
				CODE_SIGN_IDENTITY = "Apple Development";
				CODE_SIGN_STYLE = Automatic;
				COMBINE_HIDPI_IMAGES = YES;
				CURRENT_PROJECT_VERSION = 1;
				DEVELOPMENT_TEAM = R986STKYJ7;
				ENABLE_HARDENED_RUNTIME = YES;
				INFOPLIST_FILE = "Invystas-macOS/Info.plist";
				LD_RUNPATH_SEARCH_PATHS = "$(inherited) @executable_path/../Frameworks";
				MACOSX_DEPLOYMENT_TARGET = 10.10;
				MARKETING_VERSION = 1.0.2;
				PRODUCT_BUNDLE_IDENTIFIER = com.InvystaTechnologyGroup.InvystaAwareI;
				PRODUCT_NAME = "$(TARGET_NAME)";
				SWIFT_VERSION = 5.0;
			};
			name = Release;
		};
/* End XCBuildConfiguration section */

/* Begin XCConfigurationList section */
		01835559256896E300F1D868 /* Build configuration list for PBXNativeTarget "Invystas-macOSTests" */ = {
			isa = XCConfigurationList;
			buildConfigurations = (
				0183555A256896E300F1D868 /* Debug */,
				0183555B256896E300F1D868 /* Release */,
			);
			defaultConfigurationIsVisible = 0;
			defaultConfigurationName = Release;
		};
		01C2F0682550942300F70488 /* Build configuration list for PBXProject "Invystas-macOS" */ = {
			isa = XCConfigurationList;
			buildConfigurations = (
				01C2F07B2550942400F70488 /* Debug */,
				01C2F07C2550942400F70488 /* Release */,
			);
			defaultConfigurationIsVisible = 0;
			defaultConfigurationName = Release;
		};
		01C2F07D2550942400F70488 /* Build configuration list for PBXNativeTarget "Invysta Aware" */ = {
			isa = XCConfigurationList;
			buildConfigurations = (
				01C2F07E2550942400F70488 /* Debug */,
				01C2F07F2550942400F70488 /* Release */,
			);
			defaultConfigurationIsVisible = 0;
			defaultConfigurationName = Release;
		};
/* End XCConfigurationList section */
	};
	rootObject = 01C2F0652550942300F70488 /* Project object */;
}
